
Microsoft Visual Studio Solution File, Format Version 12.00
Project("{FAE04EC0-301F-11D3-BF4B-00C04F79EFBC}") = "DatabaseCreate", "DatabaseCreate\DatabaseCreate.csproj", "{9DCA7775-86A1-49B8-8162-24BB31979337}"
EndProject
Global
	GlobalSection(SolutionConfigurationPlatforms) = preSolution
		Debug|Any CPU = Debug|Any CPU
		Release|Any CPU = Release|Any CPU
	EndGlobalSection
	GlobalSection(ProjectConfigurationPlatforms) = postSolution
		{9DCA7775-86A1-49B8-8162-24BB31979337}.Debug|Any CPU.ActiveCfg = Debug|Any CPU
		{9DCA7775-86A1-49B8-8162-24BB31979337}.Debug|Any CPU.Build.0 = Debug|Any CPU
		{9DCA7775-86A1-49B8-8162-24BB31979337}.Release|Any CPU.ActiveCfg = Release|Any CPU
		{9DCA7775-86A1-49B8-8162-24BB31979337}.Release|Any CPU.Build.0 = Release|Any CPU
	EndGlobalSection
EndGlobal
